
Microsoft Visual Studio Solution File, Format Version 12.00
# Visual Studio Version 17
VisualStudioVersion = 17.13.35919.96
MinimumVisualStudioVersion = 10.0.40219.1
Project("{8BC9CEB8-8B4A-11D0-8D11-00A0C91BC942}") = "0401", "ConsoleApplication2\ConsoleApplication2.vcxproj", "{34D0DC3D-E328-4B1F-8C94-544B86793930}"
EndProject
Project("{8BC9CEB8-8B4A-11D0-8D11-00A0C91BC942}") = "0402", "0402\0402.vcxproj", "{969B818C-09A2-43D2-96BD-9EE72F3AF069}"
EndProject
Project("{8BC9CEB8-8B4A-11D0-8D11-00A0C91BC942}") = "0403", "0403\0403.vcxproj", "{BA209F17-042C-42A8-824C-6F81834F7014}"
EndProject
Project("{8BC9CEB8-8B4A-11D0-8D11-00A0C91BC942}") = "0407", "0407\0407.vcxproj", "{D5550CA6-FAF2-4006-B3D8-3E975786E886}"
EndProject
Project("{8BC9CEB8-8B4A-11D0-8D11-00A0C91BC942}") = "0408", "0408\0408.vcxproj", "{5070B40F-0BFD-4040-A2B0-3C3F8CCCF8F8}"
EndProject
Project("{8BC9CEB8-8B4A-11D0-8D11-00A0C91BC942}") = "0408_vector", "0408_vector\0408_vector.vcxproj", "{A778C582-9917-41BE-AE66-5C64D885B8C1}"
EndProject
Project("{8BC9CEB8-8B4A-11D0-8D11-00A0C91BC942}") = "0408_list", "0408_list\0408_list.vcxproj", "{66DE3012-0CB4-4A7E-AD4E-D493098B4D3B}"
EndProject
Project("{8BC9CEB8-8B4A-11D0-8D11-00A0C91BC942}") = "0409_struct", "0409_struct\0409_struct.vcxproj", "{A5DCD661-7BAF-48E8-AFA7-E62EA110A367}"
EndProject
Project("{8BC9CEB8-8B4A-11D0-8D11-00A0C91BC942}") = "0409_class", "0409_class\0409_class.vcxproj", "{BE2DFC9A-C6EF-447C-B808-90A49F85E19B}"
EndProject
Project("{8BC9CEB8-8B4A-11D0-8D11-00A0C91BC942}") = "0409", "0409\0409.vcxproj", "{48621B67-6593-45F0-8E83-BE654B996EB5}"
EndProject
Project("{8BC9CEB8-8B4A-11D0-8D11-00A0C91BC942}") = "0409_prac", "0409_prac\0409_prac.vcxproj", "{D4348BFB-4076-4A21-B24A-3F8750262228}"
EndProject
Project("{8BC9CEB8-8B4A-11D0-8D11-00A0C91BC942}") = "0410_class", "0410_class\0410_class.vcxproj", "{B00158F6-CA0A-4555-B542-C2F9792321F2}"
EndProject
Project("{8BC9CEB8-8B4A-11D0-8D11-00A0C91BC942}") = "0410_상속", "0410_상속\0410_상속.vcxproj", "{EB21119A-363E-4E5E-9727-3D4CE0A5A0B7}"
EndProject
Project("{8BC9CEB8-8B4A-11D0-8D11-00A0C91BC942}") = "0410_prac", "0410_prac\0410_prac.vcxproj", "{49437685-CDFE-4FDB-9381-AEE30E100EAD}"
EndProject
Global
	GlobalSection(SolutionConfigurationPlatforms) = preSolution
		Debug|x64 = Debug|x64
		Debug|x86 = Debug|x86
		Release|x64 = Release|x64
		Release|x86 = Release|x86
	EndGlobalSection
	GlobalSection(ProjectConfigurationPlatforms) = postSolution
		{34D0DC3D-E328-4B1F-8C94-544B86793930}.Debug|x64.ActiveCfg = Debug|x64
		{34D0DC3D-E328-4B1F-8C94-544B86793930}.Debug|x64.Build.0 = Debug|x64
		{34D0DC3D-E328-4B1F-8C94-544B86793930}.Debug|x86.ActiveCfg = Debug|Win32
		{34D0DC3D-E328-4B1F-8C94-544B86793930}.Debug|x86.Build.0 = Debug|Win32
		{34D0DC3D-E328-4B1F-8C94-544B86793930}.Release|x64.ActiveCfg = Release|x64
		{34D0DC3D-E328-4B1F-8C94-544B86793930}.Release|x64.Build.0 = Release|x64
		{34D0DC3D-E328-4B1F-8C94-544B86793930}.Release|x86.ActiveCfg = Release|Win32
		{34D0DC3D-E328-4B1F-8C94-544B86793930}.Release|x86.Build.0 = Release|Win32
		{969B818C-09A2-43D2-96BD-9EE72F3AF069}.Debug|x64.ActiveCfg = Debug|x64
		{969B818C-09A2-43D2-96BD-9EE72F3AF069}.Debug|x64.Build.0 = Debug|x64
		{969B818C-09A2-43D2-96BD-9EE72F3AF069}.Debug|x86.ActiveCfg = Debug|Win32
		{969B818C-09A2-43D2-96BD-9EE72F3AF069}.Debug|x86.Build.0 = Debug|Win32
		{969B818C-09A2-43D2-96BD-9EE72F3AF069}.Release|x64.ActiveCfg = Release|x64
		{969B818C-09A2-43D2-96BD-9EE72F3AF069}.Release|x64.Build.0 = Release|x64
		{969B818C-09A2-43D2-96BD-9EE72F3AF069}.Release|x86.ActiveCfg = Release|Win32
		{969B818C-09A2-43D2-96BD-9EE72F3AF069}.Release|x86.Build.0 = Release|Win32
		{BA209F17-042C-42A8-824C-6F81834F7014}.Debug|x64.ActiveCfg = Debug|x64
		{BA209F17-042C-42A8-824C-6F81834F7014}.Debug|x64.Build.0 = Debug|x64
		{BA209F17-042C-42A8-824C-6F81834F7014}.Debug|x86.ActiveCfg = Debug|Win32
		{BA209F17-042C-42A8-824C-6F81834F7014}.Debug|x86.Build.0 = Debug|Win32
		{BA209F17-042C-42A8-824C-6F81834F7014}.Release|x64.ActiveCfg = Release|x64
		{BA209F17-042C-42A8-824C-6F81834F7014}.Release|x64.Build.0 = Release|x64
		{BA209F17-042C-42A8-824C-6F81834F7014}.Release|x86.ActiveCfg = Release|Win32
		{BA209F17-042C-42A8-824C-6F81834F7014}.Release|x86.Build.0 = Release|Win32
		{D5550CA6-FAF2-4006-B3D8-3E975786E886}.Debug|x64.ActiveCfg = Debug|x64
		{D5550CA6-FAF2-4006-B3D8-3E975786E886}.Debug|x64.Build.0 = Debug|x64
		{D5550CA6-FAF2-4006-B3D8-3E975786E886}.Debug|x86.ActiveCfg = Debug|Win32
		{D5550CA6-FAF2-4006-B3D8-3E975786E886}.Debug|x86.Build.0 = Debug|Win32
		{D5550CA6-FAF2-4006-B3D8-3E975786E886}.Release|x64.ActiveCfg = Release|x64
		{D5550CA6-FAF2-4006-B3D8-3E975786E886}.Release|x64.Build.0 = Release|x64
		{D5550CA6-FAF2-4006-B3D8-3E975786E886}.Release|x86.ActiveCfg = Release|Win32
		{D5550CA6-FAF2-4006-B3D8-3E975786E886}.Release|x86.Build.0 = Release|Win32
		{5070B40F-0BFD-4040-A2B0-3C3F8CCCF8F8}.Debug|x64.ActiveCfg = Debug|x64
		{5070B40F-0BFD-4040-A2B0-3C3F8CCCF8F8}.Debug|x64.Build.0 = Debug|x64
		{5070B40F-0BFD-4040-A2B0-3C3F8CCCF8F8}.Debug|x86.ActiveCfg = Debug|Win32
		{5070B40F-0BFD-4040-A2B0-3C3F8CCCF8F8}.Debug|x86.Build.0 = Debug|Win32
		{5070B40F-0BFD-4040-A2B0-3C3F8CCCF8F8}.Release|x64.ActiveCfg = Release|x64
		{5070B40F-0BFD-4040-A2B0-3C3F8CCCF8F8}.Release|x64.Build.0 = Release|x64
		{5070B40F-0BFD-4040-A2B0-3C3F8CCCF8F8}.Release|x86.ActiveCfg = Release|Win32
		{5070B40F-0BFD-4040-A2B0-3C3F8CCCF8F8}.Release|x86.Build.0 = Release|Win32
		{A778C582-9917-41BE-AE66-5C64D885B8C1}.Debug|x64.ActiveCfg = Debug|x64
		{A778C582-9917-41BE-AE66-5C64D885B8C1}.Debug|x64.Build.0 = Debug|x64
		{A778C582-9917-41BE-AE66-5C64D885B8C1}.Debug|x86.ActiveCfg = Debug|Win32
		{A778C582-9917-41BE-AE66-5C64D885B8C1}.Debug|x86.Build.0 = Debug|Win32
		{A778C582-9917-41BE-AE66-5C64D885B8C1}.Release|x64.ActiveCfg = Release|x64
		{A778C582-9917-41BE-AE66-5C64D885B8C1}.Release|x64.Build.0 = Release|x64
		{A778C582-9917-41BE-AE66-5C64D885B8C1}.Release|x86.ActiveCfg = Release|Win32
		{A778C582-9917-41BE-AE66-5C64D885B8C1}.Release|x86.Build.0 = Release|Win32
		{66DE3012-0CB4-4A7E-AD4E-D493098B4D3B}.Debug|x64.ActiveCfg = Debug|x64
		{66DE3012-0CB4-4A7E-AD4E-D493098B4D3B}.Debug|x64.Build.0 = Debug|x64
		{66DE3012-0CB4-4A7E-AD4E-D493098B4D3B}.Debug|x86.ActiveCfg = Debug|Win32
		{66DE3012-0CB4-4A7E-AD4E-D493098B4D3B}.Debug|x86.Build.0 = Debug|Win32
		{66DE3012-0CB4-4A7E-AD4E-D493098B4D3B}.Release|x64.ActiveCfg = Release|x64
		{66DE3012-0CB4-4A7E-AD4E-D493098B4D3B}.Release|x64.Build.0 = Release|x64
		{66DE3012-0CB4-4A7E-AD4E-D493098B4D3B}.Release|x86.ActiveCfg = Release|Win32
		{66DE3012-0CB4-4A7E-AD4E-D493098B4D3B}.Release|x86.Build.0 = Release|Win32
		{A5DCD661-7BAF-48E8-AFA7-E62EA110A367}.Debug|x64.ActiveCfg = Debug|x64
		{A5DCD661-7BAF-48E8-AFA7-E62EA110A367}.Debug|x64.Build.0 = Debug|x64
		{A5DCD661-7BAF-48E8-AFA7-E62EA110A367}.Debug|x86.ActiveCfg = Debug|Win32
		{A5DCD661-7BAF-48E8-AFA7-E62EA110A367}.Debug|x86.Build.0 = Debug|Win32
		{A5DCD661-7BAF-48E8-AFA7-E62EA110A367}.Release|x64.ActiveCfg = Release|x64
		{A5DCD661-7BAF-48E8-AFA7-E62EA110A367}.Release|x64.Build.0 = Release|x64
		{A5DCD661-7BAF-48E8-AFA7-E62EA110A367}.Release|x86.ActiveCfg = Release|Win32
		{A5DCD661-7BAF-48E8-AFA7-E62EA110A367}.Release|x86.Build.0 = Release|Win32
		{BE2DFC9A-C6EF-447C-B808-90A49F85E19B}.Debug|x64.ActiveCfg = Debug|x64
		{BE2DFC9A-C6EF-447C-B808-90A49F85E19B}.Debug|x64.Build.0 = Debug|x64
		{BE2DFC9A-C6EF-447C-B808-90A49F85E19B}.Debug|x86.ActiveCfg = Debug|Win32
		{BE2DFC9A-C6EF-447C-B808-90A49F85E19B}.Debug|x86.Build.0 = Debug|Win32
		{BE2DFC9A-C6EF-447C-B808-90A49F85E19B}.Release|x64.ActiveCfg = Release|x64
		{BE2DFC9A-C6EF-447C-B808-90A49F85E19B}.Release|x64.Build.0 = Release|x64
		{BE2DFC9A-C6EF-447C-B808-90A49F85E19B}.Release|x86.ActiveCfg = Release|Win32
		{BE2DFC9A-C6EF-447C-B808-90A49F85E19B}.Release|x86.Build.0 = Release|Win32
		{48621B67-6593-45F0-8E83-BE654B996EB5}.Debug|x64.ActiveCfg = Debug|x64
		{48621B67-6593-45F0-8E83-BE654B996EB5}.Debug|x64.Build.0 = Debug|x64
		{48621B67-6593-45F0-8E83-BE654B996EB5}.Debug|x86.ActiveCfg = Debug|Win32
		{48621B67-6593-45F0-8E83-BE654B996EB5}.Debug|x86.Build.0 = Debug|Win32
		{48621B67-6593-45F0-8E83-BE654B996EB5}.Release|x64.ActiveCfg = Release|x64
		{48621B67-6593-45F0-8E83-BE654B996EB5}.Release|x64.Build.0 = Release|x64
		{48621B67-6593-45F0-8E83-BE654B996EB5}.Release|x86.ActiveCfg = Release|Win32
		{48621B67-6593-45F0-8E83-BE654B996EB5}.Release|x86.Build.0 = Release|Win32
		{D4348BFB-4076-4A21-B24A-3F8750262228}.Debug|x64.ActiveCfg = Debug|x64
		{D4348BFB-4076-4A21-B24A-3F8750262228}.Debug|x64.Build.0 = Debug|x64
		{D4348BFB-4076-4A21-B24A-3F8750262228}.Debug|x86.ActiveCfg = Debug|Win32
		{D4348BFB-4076-4A21-B24A-3F8750262228}.Debug|x86.Build.0 = Debug|Win32
		{D4348BFB-4076-4A21-B24A-3F8750262228}.Release|x64.ActiveCfg = Release|x64
		{D4348BFB-4076-4A21-B24A-3F8750262228}.Release|x64.Build.0 = Release|x64
		{D4348BFB-4076-4A21-B24A-3F8750262228}.Release|x86.ActiveCfg = Release|Win32
		{D4348BFB-4076-4A21-B24A-3F8750262228}.Release|x86.Build.0 = Release|Win32
		{B00158F6-CA0A-4555-B542-C2F9792321F2}.Debug|x64.ActiveCfg = Debug|x64
		{B00158F6-CA0A-4555-B542-C2F9792321F2}.Debug|x64.Build.0 = Debug|x64
		{B00158F6-CA0A-4555-B542-C2F9792321F2}.Debug|x86.ActiveCfg = Debug|Win32
		{B00158F6-CA0A-4555-B542-C2F9792321F2}.Debug|x86.Build.0 = Debug|Win32
		{B00158F6-CA0A-4555-B542-C2F9792321F2}.Release|x64.ActiveCfg = Release|x64
		{B00158F6-CA0A-4555-B542-C2F9792321F2}.Release|x64.Build.0 = Release|x64
		{B00158F6-CA0A-4555-B542-C2F9792321F2}.Release|x86.ActiveCfg = Release|Win32
		{B00158F6-CA0A-4555-B542-C2F9792321F2}.Release|x86.Build.0 = Release|Win32
		{EB21119A-363E-4E5E-9727-3D4CE0A5A0B7}.Debug|x64.ActiveCfg = Debug|x64
		{EB21119A-363E-4E5E-9727-3D4CE0A5A0B7}.Debug|x64.Build.0 = Debug|x64
		{EB21119A-363E-4E5E-9727-3D4CE0A5A0B7}.Debug|x86.ActiveCfg = Debug|Win32
		{EB21119A-363E-4E5E-9727-3D4CE0A5A0B7}.Debug|x86.Build.0 = Debug|Win32
		{EB21119A-363E-4E5E-9727-3D4CE0A5A0B7}.Release|x64.ActiveCfg = Release|x64
		{EB21119A-363E-4E5E-9727-3D4CE0A5A0B7}.Release|x64.Build.0 = Release|x64
		{EB21119A-363E-4E5E-9727-3D4CE0A5A0B7}.Release|x86.ActiveCfg = Release|Win32
		{EB21119A-363E-4E5E-9727-3D4CE0A5A0B7}.Release|x86.Build.0 = Release|Win32
		{49437685-CDFE-4FDB-9381-AEE30E100EAD}.Debug|x64.ActiveCfg = Debug|x64
		{49437685-CDFE-4FDB-9381-AEE30E100EAD}.Debug|x64.Build.0 = Debug|x64
		{49437685-CDFE-4FDB-9381-AEE30E100EAD}.Debug|x86.ActiveCfg = Debug|Win32
		{49437685-CDFE-4FDB-9381-AEE30E100EAD}.Debug|x86.Build.0 = Debug|Win32
		{49437685-CDFE-4FDB-9381-AEE30E100EAD}.Release|x64.ActiveCfg = Release|x64
		{49437685-CDFE-4FDB-9381-AEE30E100EAD}.Release|x64.Build.0 = Release|x64
		{49437685-CDFE-4FDB-9381-AEE30E100EAD}.Release|x86.ActiveCfg = Release|Win32
		{49437685-CDFE-4FDB-9381-AEE30E100EAD}.Release|x86.Build.0 = Release|Win32
	EndGlobalSection
	GlobalSection(SolutionProperties) = preSolution
		HideSolutionNode = FALSE
	EndGlobalSection
	GlobalSection(ExtensibilityGlobals) = postSolution
		SolutionGuid = {82935BA2-E984-4C64-8D41-5770A7DE6F63}
	EndGlobalSection
EndGlobal
